
Microsoft Visual Studio Solution File, Format Version 12.00
# Visual Studio 15
VisualStudioVersion = 15.0.28307.705
MinimumVisualStudioVersion = 10.0.40219.1
Project("{FAE04EC0-301F-11D3-BF4B-00C04F79EFBC}") = "TestApplication.Android", "TestApplication\TestApplication.Android\TestApplication.Android.csproj", "{C79A0BE3-9070-4493-88D0-FD58D1BE5AF7}"
EndProject
Project("{FAE04EC0-301F-11D3-BF4B-00C04F79EFBC}") = "TestApplication.iOS", "TestApplication\TestApplication.iOS\TestApplication.iOS.csproj", "{BC7E9AF1-2682-4873-89DF-4E60F0345BB5}"
EndProject
Project("{FAE04EC0-301F-11D3-BF4B-00C04F79EFBC}") = "TestApplication", "TestApplication\TestApplication\TestApplication.csproj", "{D90C4103-9A5B-49E7-8645-1BB67F7DB045}"
EndProject
Global
	GlobalSection(SolutionConfigurationPlatforms) = preSolution
		Ad-Hoc|Any CPU = Ad-Hoc|Any CPU
		Ad-Hoc|iPhone = Ad-Hoc|iPhone
		Ad-Hoc|iPhoneSimulator = Ad-Hoc|iPhoneSimulator
		AppStore|Any CPU = AppStore|Any CPU
		AppStore|iPhone = AppStore|iPhone
		AppStore|iPhoneSimulator = AppStore|iPhoneSimulator
		Debug|Any CPU = Debug|Any CPU
		Debug|iPhone = Debug|iPhone
		Debug|iPhoneSimulator = Debug|iPhoneSimulator
		Release|Any CPU = Release|Any CPU
		Release|iPhone = Release|iPhone
		Release|iPhoneSimulator = Release|iPhoneSimulator
	EndGlobalSection
	GlobalSection(ProjectConfigurationPlatforms) = postSolution
		{C79A0BE3-9070-4493-88D0-FD58D1BE5AF7}.Ad-Hoc|Any CPU.ActiveCfg = Release|Any CPU
		{C79A0BE3-9070-4493-88D0-FD58D1BE5AF7}.Ad-Hoc|Any CPU.Build.0 = Release|Any CPU
		{C79A0BE3-9070-4493-88D0-FD58D1BE5AF7}.Ad-Hoc|Any CPU.Deploy.0 = Release|Any CPU
		{C79A0BE3-9070-4493-88D0-FD58D1BE5AF7}.Ad-Hoc|iPhone.ActiveCfg = Release|Any CPU
		{C79A0BE3-9070-4493-88D0-FD58D1BE5AF7}.Ad-Hoc|iPhone.Build.0 = Release|Any CPU
		{C79A0BE3-9070-4493-88D0-FD58D1BE5AF7}.Ad-Hoc|iPhone.Deploy.0 = Release|Any CPU
		{C79A0BE3-9070-4493-88D0-FD58D1BE5AF7}.Ad-Hoc|iPhoneSimulator.ActiveCfg = Release|Any CPU
		{C79A0BE3-9070-4493-88D0-FD58D1BE5AF7}.Ad-Hoc|iPhoneSimulator.Build.0 = Release|Any CPU
		{C79A0BE3-9070-4493-88D0-FD58D1BE5AF7}.Ad-Hoc|iPhoneSimulator.Deploy.0 = Release|Any CPU
		{C79A0BE3-9070-4493-88D0-FD58D1BE5AF7}.AppStore|Any CPU.ActiveCfg = Release|Any CPU
		{C79A0BE3-9070-4493-88D0-FD58D1BE5AF7}.AppStore|Any CPU.Build.0 = Release|Any CPU
		{C79A0BE3-9070-4493-88D0-FD58D1BE5AF7}.AppStore|Any CPU.Deploy.0 = Release|Any CPU
		{C79A0BE3-9070-4493-88D0-FD58D1BE5AF7}.AppStore|iPhone.ActiveCfg = Release|Any CPU
		{C79A0BE3-9070-4493-88D0-FD58D1BE5AF7}.AppStore|iPhone.Build.0 = Release|Any CPU
		{C79A0BE3-9070-4493-88D0-FD58D1BE5AF7}.AppStore|iPhone.Deploy.0 = Release|Any CPU
		{C79A0BE3-9070-4493-88D0-FD58D1BE5AF7}.AppStore|iPhoneSimulator.ActiveCfg = Release|Any CPU
		{C79A0BE3-9070-4493-88D0-FD58D1BE5AF7}.AppStore|iPhoneSimulator.Build.0 = Release|Any CPU
		{C79A0BE3-9070-4493-88D0-FD58D1BE5AF7}.AppStore|iPhoneSimulator.Deploy.0 = Release|Any CPU
		{C79A0BE3-9070-4493-88D0-FD58D1BE5AF7}.Debug|Any CPU.ActiveCfg = Debug|Any CPU
		{C79A0BE3-9070-4493-88D0-FD58D1BE5AF7}.Debug|Any CPU.Build.0 = Debug|Any CPU
		{C79A0BE3-9070-4493-88D0-FD58D1BE5AF7}.Debug|Any CPU.Deploy.0 = Debug|Any CPU
		{C79A0BE3-9070-4493-88D0-FD58D1BE5AF7}.Debug|iPhone.ActiveCfg = Debug|Any CPU
		{C79A0BE3-9070-4493-88D0-FD58D1BE5AF7}.Debug|iPhone.Build.0 = Debug|Any CPU
		{C79A0BE3-9070-4493-88D0-FD58D1BE5AF7}.Debug|iPhone.Deploy.0 = Debug|Any CPU
		{C79A0BE3-9070-4493-88D0-FD58D1BE5AF7}.Debug|iPhoneSimulator.ActiveCfg = Debug|Any CPU
		{C79A0BE3-9070-4493-88D0-FD58D1BE5AF7}.Debug|iPhoneSimulator.Build.0 = Debug|Any CPU
		{C79A0BE3-9070-4493-88D0-FD58D1BE5AF7}.Debug|iPhoneSimulator.Deploy.0 = Debug|Any CPU
		{C79A0BE3-9070-4493-88D0-FD58D1BE5AF7}.Release|Any CPU.ActiveCfg = Release|Any CPU
		{C79A0BE3-9070-4493-88D0-FD58D1BE5AF7}.Release|Any CPU.Build.0 = Release|Any CPU
		{C79A0BE3-9070-4493-88D0-FD58D1BE5AF7}.Release|Any CPU.Deploy.0 = Release|Any CPU
		{C79A0BE3-9070-4493-88D0-FD58D1BE5AF7}.Release|iPhone.ActiveCfg = Release|Any CPU
		{C79A0BE3-9070-4493-88D0-FD58D1BE5AF7}.Release|iPhone.Build.0 = Release|Any CPU
		{C79A0BE3-9070-4493-88D0-FD58D1BE5AF7}.Release|iPhone.Deploy.0 = Release|Any CPU
		{C79A0BE3-9070-4493-88D0-FD58D1BE5AF7}.Release|iPhoneSimulator.ActiveCfg = Release|Any CPU
		{C79A0BE3-9070-4493-88D0-FD58D1BE5AF7}.Release|iPhoneSimulator.Build.0 = Release|Any CPU
		{C79A0BE3-9070-4493-88D0-FD58D1BE5AF7}.Release|iPhoneSimulator.Deploy.0 = Release|Any CPU
		{BC7E9AF1-2682-4873-89DF-4E60F0345BB5}.Ad-Hoc|Any CPU.ActiveCfg = Ad-Hoc|iPhone
		{BC7E9AF1-2682-4873-89DF-4E60F0345BB5}.Ad-Hoc|Any CPU.Build.0 = Ad-Hoc|iPhone
		{BC7E9AF1-2682-4873-89DF-4E60F0345BB5}.Ad-Hoc|Any CPU.Deploy.0 = Ad-Hoc|iPhone
		{BC7E9AF1-2682-4873-89DF-4E60F0345BB5}.Ad-Hoc|iPhone.ActiveCfg = Ad-Hoc|iPhone
		{BC7E9AF1-2682-4873-89DF-4E60F0345BB5}.Ad-Hoc|iPhone.Build.0 = Ad-Hoc|iPhone
		{BC7E9AF1-2682-4873-89DF-4E60F0345BB5}.Ad-Hoc|iPhone.Deploy.0 = Ad-Hoc|iPhone
		{BC7E9AF1-2682-4873-89DF-4E60F0345BB5}.Ad-Hoc|iPhoneSimulator.ActiveCfg = Ad-Hoc|iPhoneSimulator
		{BC7E9AF1-2682-4873-89DF-4E60F0345BB5}.Ad-Hoc|iPhoneSimulator.Build.0 = Ad-Hoc|iPhoneSimulator
		{BC7E9AF1-2682-4873-89DF-4E60F0345BB5}.Ad-Hoc|iPhoneSimulator.Deploy.0 = Ad-Hoc|iPhoneSimulator
		{BC7E9AF1-2682-4873-89DF-4E60F0345BB5}.AppStore|Any CPU.ActiveCfg = AppStore|iPhone
		{BC7E9AF1-2682-4873-89DF-4E60F0345BB5}.AppStore|Any CPU.Build.0 = AppStore|iPhone
		{BC7E9AF1-2682-4873-89DF-4E60F0345BB5}.AppStore|Any CPU.Deploy.0 = AppStore|iPhone
		{BC7E9AF1-2682-4873-89DF-4E60F0345BB5}.AppStore|iPhone.ActiveCfg = AppStore|iPhone
		{BC7E9AF1-2682-4873-89DF-4E60F0345BB5}.AppStore|iPhone.Build.0 = AppStore|iPhone
		{BC7E9AF1-2682-4873-89DF-4E60F0345BB5}.AppStore|iPhone.Deploy.0 = AppStore|iPhone
		{BC7E9AF1-2682-4873-89DF-4E60F0345BB5}.AppStore|iPhoneSimulator.ActiveCfg = AppStore|iPhoneSimulator
		{BC7E9AF1-2682-4873-89DF-4E60F0345BB5}.AppStore|iPhoneSimulator.Build.0 = AppStore|iPhoneSimulator
		{BC7E9AF1-2682-4873-89DF-4E60F0345BB5}.AppStore|iPhoneSimulator.Deploy.0 = AppStore|iPhoneSimulator
		{BC7E9AF1-2682-4873-89DF-4E60F0345BB5}.Debug|Any CPU.ActiveCfg = Debug|iPhoneSimulator
		{BC7E9AF1-2682-4873-89DF-4E60F0345BB5}.Debug|Any CPU.Build.0 = Debug|iPhoneSimulator
		{BC7E9AF1-2682-4873-89DF-4E60F0345BB5}.Debug|Any CPU.Deploy.0 = Debug|iPhoneSimulator
		{BC7E9AF1-2682-4873-89DF-4E60F0345BB5}.Debug|iPhone.ActiveCfg = Debug|iPhone
		{BC7E9AF1-2682-4873-89DF-4E60F0345BB5}.Debug|iPhone.Build.0 = Debug|iPhone
		{BC7E9AF1-2682-4873-89DF-4E60F0345BB5}.Debug|iPhone.Deploy.0 = Debug|iPhone
		{BC7E9AF1-2682-4873-89DF-4E60F0345BB5}.Debug|iPhoneSimulator.ActiveCfg = Debug|iPhoneSimulator
		{BC7E9AF1-2682-4873-89DF-4E60F0345BB5}.Debug|iPhoneSimulator.Build.0 = Debug|iPhoneSimulator
		{BC7E9AF1-2682-4873-89DF-4E60F0345BB5}.Debug|iPhoneSimulator.Deploy.0 = Debug|iPhoneSimulator
		{BC7E9AF1-2682-4873-89DF-4E60F0345BB5}.Release|Any CPU.ActiveCfg = Release|iPhone
		{BC7E9AF1-2682-4873-89DF-4E60F0345BB5}.Release|Any CPU.Build.0 = Release|iPhone
		{BC7E9AF1-2682-4873-89DF-4E60F0345BB5}.Release|Any CPU.Deploy.0 = Release|iPhone
		{BC7E9AF1-2682-4873-89DF-4E60F0345BB5}.Release|iPhone.ActiveCfg = Release|iPhone
		{BC7E9AF1-2682-4873-89DF-4E60F0345BB5}.Release|iPhone.Build.0 = Release|iPhone
		{BC7E9AF1-2682-4873-89DF-4E60F0345BB5}.Release|iPhone.Deploy.0 = Release|iPhone
		{BC7E9AF1-2682-4873-89DF-4E60F0345BB5}.Release|iPhoneSimulator.ActiveCfg = Release|iPhoneSimulator
		{BC7E9AF1-2682-4873-89DF-4E60F0345BB5}.Release|iPhoneSimulator.Build.0 = Release|iPhoneSimulator
		{BC7E9AF1-2682-4873-89DF-4E60F0345BB5}.Release|iPhoneSimulator.Deploy.0 = Release|iPhoneSimulator
		{D90C4103-9A5B-49E7-8645-1BB67F7DB045}.Ad-Hoc|Any CPU.ActiveCfg = Debug|Any CPU
		{D90C4103-9A5B-49E7-8645-1BB67F7DB045}.Ad-Hoc|Any CPU.Build.0 = Debug|Any CPU
		{D90C4103-9A5B-49E7-8645-1BB67F7DB045}.Ad-Hoc|Any CPU.Deploy.0 = Debug|Any CPU
		{D90C4103-9A5B-49E7-8645-1BB67F7DB045}.Ad-Hoc|iPhone.ActiveCfg = Debug|Any CPU
		{D90C4103-9A5B-49E7-8645-1BB67F7DB045}.Ad-Hoc|iPhone.Build.0 = Debug|Any CPU
		{D90C4103-9A5B-49E7-8645-1BB67F7DB045}.Ad-Hoc|iPhone.Deploy.0 = Debug|Any CPU
		{D90C4103-9A5B-49E7-8645-1BB67F7DB045}.Ad-Hoc|iPhoneSimulator.ActiveCfg = Debug|Any CPU
		{D90C4103-9A5B-49E7-8645-1BB67F7DB045}.Ad-Hoc|iPhoneSimulator.Build.0 = Debug|Any CPU
		{D90C4103-9A5B-49E7-8645-1BB67F7DB045}.Ad-Hoc|iPhoneSimulator.Deploy.0 = Debug|Any CPU
		{D90C4103-9A5B-49E7-8645-1BB67F7DB045}.AppStore|Any CPU.ActiveCfg = Debug|Any CPU
		{D90C4103-9A5B-49E7-8645-1BB67F7DB045}.AppStore|Any CPU.Build.0 = Debug|Any CPU
		{D90C4103-9A5B-49E7-8645-1BB67F7DB045}.AppStore|Any CPU.Deploy.0 = Debug|Any CPU
		{D90C4103-9A5B-49E7-8645-1BB67F7DB045}.AppStore|iPhone.ActiveCfg = Debug|Any CPU
		{D90C4103-9A5B-49E7-8645-1BB67F7DB045}.AppStore|iPhone.Build.0 = Debug|Any CPU
		{D90C4103-9A5B-49E7-8645-1BB67F7DB045}.AppStore|iPhone.Deploy.0 = Debug|Any CPU
		{D90C4103-9A5B-49E7-8645-1BB67F7DB045}.AppStore|iPhoneSimulator.ActiveCfg = Debug|Any CPU
		{D90C4103-9A5B-49E7-8645-1BB67F7DB045}.AppStore|iPhoneSimulator.Build.0 = Debug|Any CPU
		{D90C4103-9A5B-49E7-8645-1BB67F7DB045}.AppStore|iPhoneSimulator.Deploy.0 = Debug|Any CPU
		{D90C4103-9A5B-49E7-8645-1BB67F7DB045}.Debug|Any CPU.ActiveCfg = Debug|Any CPU
		{D90C4103-9A5B-49E7-8645-1BB67F7DB045}.Debug|Any CPU.Build.0 = Debug|Any CPU
		{D90C4103-9A5B-49E7-8645-1BB67F7DB045}.Debug|Any CPU.Deploy.0 = Debug|Any CPU
		{D90C4103-9A5B-49E7-8645-1BB67F7DB045}.Debug|iPhone.ActiveCfg = Debug|Any CPU
		{D90C4103-9A5B-49E7-8645-1BB67F7DB045}.Debug|iPhone.Build.0 = Debug|Any CPU
		{D90C4103-9A5B-49E7-8645-1BB67F7DB045}.Debug|iPhone.Deploy.0 = Debug|Any CPU
		{D90C4103-9A5B-49E7-8645-1BB67F7DB045}.Debug|iPhoneSimulator.ActiveCfg = Debug|Any CPU
		{D90C4103-9A5B-49E7-8645-1BB67F7DB045}.Debug|iPhoneSimulator.Build.0 = Debug|Any CPU
		{D90C4103-9A5B-49E7-8645-1BB67F7DB045}.Debug|iPhoneSimulator.Deploy.0 = Debug|Any CPU
		{D90C4103-9A5B-49E7-8645-1BB67F7DB045}.Release|Any CPU.ActiveCfg = Release|Any CPU
		{D90C4103-9A5B-49E7-8645-1BB67F7DB045}.Release|Any CPU.Build.0 = Release|Any CPU
		{D90C4103-9A5B-49E7-8645-1BB67F7DB045}.Release|Any CPU.Deploy.0 = Release|Any CPU
		{D90C4103-9A5B-49E7-8645-1BB67F7DB045}.Release|iPhone.ActiveCfg = Release|Any CPU
		{D90C4103-9A5B-49E7-8645-1BB67F7DB045}.Release|iPhone.Build.0 = Release|Any CPU
		{D90C4103-9A5B-49E7-8645-1BB67F7DB045}.Release|iPhone.Deploy.0 = Release|Any CPU
		{D90C4103-9A5B-49E7-8645-1BB67F7DB045}.Release|iPhoneSimulator.ActiveCfg = Release|Any CPU
		{D90C4103-9A5B-49E7-8645-1BB67F7DB045}.Release|iPhoneSimulator.Build.0 = Release|Any CPU
		{D90C4103-9A5B-49E7-8645-1BB67F7DB045}.Release|iPhoneSimulator.Deploy.0 = Release|Any CPU
	EndGlobalSection
	GlobalSection(SolutionProperties) = preSolution
		HideSolutionNode = FALSE
	EndGlobalSection
	GlobalSection(ExtensibilityGlobals) = postSolution
		SolutionGuid = {1E595885-F9FD-4063-A472-A980803C273F}
	EndGlobalSection
EndGlobal
